
Microsoft Visual Studio Solution File, Format Version 12.00
# Visual Studio Version 16
VisualStudioVersion = 16.0.30907.101
MinimumVisualStudioVersion = 10.0.40219.1
Project("{FAE04EC0-301F-11D3-BF4B-00C04F79EFBC}") = "ProjetoWeb", "ProjetoWeb\ProjetoWeb.csproj", "{E90CDAE5-C93D-4949-B030-9CEAD29215C3}"
EndProject
Global
	GlobalSection(SolutionConfigurationPlatforms) = preSolution
		Debug|Any CPU = Debug|Any CPU
		Release|Any CPU = Release|Any CPU
	EndGlobalSection
	GlobalSection(ProjectConfigurationPlatforms) = postSolution
		{E90CDAE5-C93D-4949-B030-9CEAD29215C3}.Debug|Any CPU.ActiveCfg = Debug|Any CPU
		{E90CDAE5-C93D-4949-B030-9CEAD29215C3}.Debug|Any CPU.Build.0 = Debug|Any CPU
		{E90CDAE5-C93D-4949-B030-9CEAD29215C3}.Release|Any CPU.ActiveCfg = Release|Any CPU
		{E90CDAE5-C93D-4949-B030-9CEAD29215C3}.Release|Any CPU.Build.0 = Release|Any CPU
	EndGlobalSection
	GlobalSection(SolutionProperties) = preSolution
		HideSolutionNode = FALSE
	EndGlobalSection
	GlobalSection(ExtensibilityGlobals) = postSolution
		SolutionGuid = {54480905-1666-4763-AB25-0473A3BF1F02}
	EndGlobalSection
EndGlobal
